
Microsoft Visual Studio Solution File, Format Version 12.00
# Visual Studio 2012
Project("{FAE04EC0-301F-11D3-BF4B-00C04F79EFBC}") = "phodson_aes_math148", "phodson_aes_math148\phodson_aes_math148.csproj", "{74F767EA-40AF-4720-A93D-ACD3813ABD31}"
EndProject
Global
	GlobalSection(SolutionConfigurationPlatforms) = preSolution
		Debug|Any CPU = Debug|Any CPU
		Release|Any CPU = Release|Any CPU
	EndGlobalSection
	GlobalSection(ProjectConfigurationPlatforms) = postSolution
		{74F767EA-40AF-4720-A93D-ACD3813ABD31}.Debug|Any CPU.ActiveCfg = Debug|Any CPU
		{74F767EA-40AF-4720-A93D-ACD3813ABD31}.Debug|Any CPU.Build.0 = Debug|Any CPU
		{74F767EA-40AF-4720-A93D-ACD3813ABD31}.Release|Any CPU.ActiveCfg = Release|Any CPU
		{74F767EA-40AF-4720-A93D-ACD3813ABD31}.Release|Any CPU.Build.0 = Release|Any CPU
	EndGlobalSection
	GlobalSection(SolutionProperties) = preSolution
		HideSolutionNode = FALSE
	EndGlobalSection
EndGlobal
